PODS:
  - Capacitor (6.2.1):
    - CapacitorCordova
  - CapacitorCordova (6.2.1)

DEPENDENCIES:
  - "Capacitor (from `../../node_modules/@capacitor/ios`)"
  - "CapacitorCordova (from `../../node_modules/@capacitor/ios`)"

EXTERNAL SOURCES:
  Capacitor:
    :path: "../../node_modules/@capacitor/ios"
  CapacitorCordova:
    :path: "../../node_modules/@capacitor/ios"

SPEC CHECKSUMS:
  Capacitor: 1e0d0e7330dea9f983b50da737d8918abcf273f8
  CapacitorCordova: 8d93e14982f440181be7304aa9559ca631d77fff

PODFILE CHECKSUM: b94abb2846fb9b180af268c1366792f2dbd59993

COCOAPODS: 1.12.0
